github.com/q1mi/hello v0.1.0 h1:hKAvJ/gi3L79RIVWF85aitBU6dCxRzp+3b4DV42Nn8g=
github.com/q1mi/hello v0.1.0/go.mod h1:CvYqxxiW4sUSv4IHFFM5UAdVB1dsPD62brSjg9AUzh8=
github.com/q1mi/hello v0.1.1 h1:PHgHB5cmyYwvrvUmeEUpCigzemnjz22NW36EsQ/Zf4k=
github.com/q1mi/hello v0.1.1/go.mod h1:CvYqxxiW4sUSv4IHFFM5UAdVB1dsPD62brSjg9AUzh8=
github.com/q1mi/hello v0.1.2-0.20210219092711-2ccfaddad6a3/go.mod h1:CvYqxxiW4sUSv4IHFFM5UAdVB1dsPD62brSjg9AUzh8=
